
Microsoft Visual Studio Solution File, Format Version 12.00
# Visual Studio Version 16
VisualStudioVersion = 16.0.31829.152
MinimumVisualStudioVersion = 10.0.40219.1
Project("{FAE04EC0-301F-11D3-BF4B-00C04F79EFBC}") = "Menu", "Menu\Menu.csproj", "{12988199-9EBA-4882-8153-904A859F8DE3}"
EndProject
Global
	GlobalSection(SolutionConfigurationPlatforms) = preSolution
		Debug|Any CPU = Debug|Any CPU
		Release|Any CPU = Release|Any CPU
	EndGlobalSection
	GlobalSection(ProjectConfigurationPlatforms) = postSolution
		{12988199-9EBA-4882-8153-904A859F8DE3}.Debug|Any CPU.ActiveCfg = Debug|Any CPU
		{12988199-9EBA-4882-8153-904A859F8DE3}.Debug|Any CPU.Build.0 = Debug|Any CPU
		{12988199-9EBA-4882-8153-904A859F8DE3}.Release|Any CPU.ActiveCfg = Release|Any CPU
		{12988199-9EBA-4882-8153-904A859F8DE3}.Release|Any CPU.Build.0 = Release|Any CPU
	EndGlobalSection
	GlobalSection(SolutionProperties) = preSolution
		HideSolutionNode = FALSE
	EndGlobalSection
	GlobalSection(ExtensibilityGlobals) = postSolution
		SolutionGuid = {8DEF7904-8420-4114-940A-0088A6D1B09D}
	EndGlobalSection
EndGlobal
